
Microsoft Visual Studio Solution File, Format Version 12.00
# Visual Studio 2013
VisualStudioVersion = 12.0.31101.0
MinimumVisualStudioVersion = 10.0.40219.1
Project("{FAE04EC0-301F-11D3-BF4B-00C04F79EFBC}") = "L.One.Domain", "L.One.Domain\L.One.Domain.csproj", "{9A9C922E-1AAB-40B2-ABDA-8CEF4281E5A1}"
EndProject
Project("{FAE04EC0-301F-11D3-BF4B-00C04F79EFBC}") = "L.One.Cons", "L.One.Cons\L.One.Cons.csproj", "{9DFAF434-A2DB-4E15-994B-0D72CC6905EA}"
EndProject
Project("{FAE04EC0-301F-11D3-BF4B-00C04F79EFBC}") = "L.One.Wins", "L.One.Wins\L.One.Wins.csproj", "{EFF67BBE-EDBB-459C-B3C5-F4A368B5A782}"
EndProject
Project("{FAE04EC0-301F-11D3-BF4B-00C04F79EFBC}") = "L.One.Webs", "L.One.Webs\L.One.Webs.csproj", "{C79CCC9A-B831-40BF-B004-F35D2855D9C5}"
EndProject
Project("{FAE04EC0-301F-11D3-BF4B-00C04F79EFBC}") = "L.One.WebApp", "L.One.WebApp\L.One.WebApp.csproj", "{87F21C05-420C-4E16-B62E-3BB62928E8B3}"
EndProject
Project("{FAE04EC0-301F-11D3-BF4B-00C04F79EFBC}") = "L.One.WebApp.Tests", "L.One.WebApp.Tests\L.One.WebApp.Tests.csproj", "{BBF5F9E8-2A65-4C65-AFA7-C0BCFA481B80}"
EndProject
Global
	GlobalSection(SolutionConfigurationPlatforms) = preSolution
		Debug|Any CPU = Debug|Any CPU
		Release|Any CPU = Release|Any CPU
	EndGlobalSection
	GlobalSection(ProjectConfigurationPlatforms) = postSolution
		{9A9C922E-1AAB-40B2-ABDA-8CEF4281E5A1}.Debug|Any CPU.ActiveCfg = Debug|Any CPU
		{9A9C922E-1AAB-40B2-ABDA-8CEF4281E5A1}.Debug|Any CPU.Build.0 = Debug|Any CPU
		{9A9C922E-1AAB-40B2-ABDA-8CEF4281E5A1}.Release|Any CPU.ActiveCfg = Release|Any CPU
		{9A9C922E-1AAB-40B2-ABDA-8CEF4281E5A1}.Release|Any CPU.Build.0 = Release|Any CPU
		{9DFAF434-A2DB-4E15-994B-0D72CC6905EA}.Debug|Any CPU.ActiveCfg = Debug|Any CPU
		{9DFAF434-A2DB-4E15-994B-0D72CC6905EA}.Debug|Any CPU.Build.0 = Debug|Any CPU
		{9DFAF434-A2DB-4E15-994B-0D72CC6905EA}.Release|Any CPU.ActiveCfg = Release|Any CPU
		{9DFAF434-A2DB-4E15-994B-0D72CC6905EA}.Release|Any CPU.Build.0 = Release|Any CPU
		{EFF67BBE-EDBB-459C-B3C5-F4A368B5A782}.Debug|Any CPU.ActiveCfg = Debug|Any CPU
		{EFF67BBE-EDBB-459C-B3C5-F4A368B5A782}.Debug|Any CPU.Build.0 = Debug|Any CPU
		{EFF67BBE-EDBB-459C-B3C5-F4A368B5A782}.Release|Any CPU.ActiveCfg = Release|Any CPU
		{EFF67BBE-EDBB-459C-B3C5-F4A368B5A782}.Release|Any CPU.Build.0 = Release|Any CPU
		{C79CCC9A-B831-40BF-B004-F35D2855D9C5}.Debug|Any CPU.ActiveCfg = Debug|Any CPU
		{C79CCC9A-B831-40BF-B004-F35D2855D9C5}.Debug|Any CPU.Build.0 = Debug|Any CPU
		{C79CCC9A-B831-40BF-B004-F35D2855D9C5}.Release|Any CPU.ActiveCfg = Release|Any CPU
		{C79CCC9A-B831-40BF-B004-F35D2855D9C5}.Release|Any CPU.Build.0 = Release|Any CPU
		{87F21C05-420C-4E16-B62E-3BB62928E8B3}.Debug|Any CPU.ActiveCfg = Debug|Any CPU
		{87F21C05-420C-4E16-B62E-3BB62928E8B3}.Debug|Any CPU.Build.0 = Debug|Any CPU
		{87F21C05-420C-4E16-B62E-3BB62928E8B3}.Release|Any CPU.ActiveCfg = Release|Any CPU
		{87F21C05-420C-4E16-B62E-3BB62928E8B3}.Release|Any CPU.Build.0 = Release|Any CPU
		{BBF5F9E8-2A65-4C65-AFA7-C0BCFA481B80}.Debug|Any CPU.ActiveCfg = Debug|Any CPU
		{BBF5F9E8-2A65-4C65-AFA7-C0BCFA481B80}.Debug|Any CPU.Build.0 = Debug|Any CPU
		{BBF5F9E8-2A65-4C65-AFA7-C0BCFA481B80}.Release|Any CPU.ActiveCfg = Release|Any CPU
		{BBF5F9E8-2A65-4C65-AFA7-C0BCFA481B80}.Release|Any CPU.Build.0 = Release|Any CPU
	EndGlobalSection
	GlobalSection(SolutionProperties) = preSolution
		HideSolutionNode = FALSE
	EndGlobalSection
EndGlobal
